
Microsoft Visual Studio Solution File, Format Version 12.00
# Visual Studio Version 16
VisualStudioVersion = 16.0.29613.14
MinimumVisualStudioVersion = 10.0.40219.1
Project("{FAE04EC0-301F-11D3-BF4B-00C04F79EFBC}") = "IIDXMusicGachaBack", "IIDXMusicGachaBack\IIDXMusicGachaBack.csproj", "{CD94ED9D-B8FE-4635-B420-BFC62F225929}"
EndProject
Global
	GlobalSection(SolutionConfigurationPlatforms) = preSolution
		Debug|Any CPU = Debug|Any CPU
		Release|Any CPU = Release|Any CPU
	EndGlobalSection
	GlobalSection(ProjectConfigurationPlatforms) = postSolution
		{CD94ED9D-B8FE-4635-B420-BFC62F225929}.Debug|Any CPU.ActiveCfg = Debug|Any CPU
		{CD94ED9D-B8FE-4635-B420-BFC62F225929}.Debug|Any CPU.Build.0 = Debug|Any CPU
		{CD94ED9D-B8FE-4635-B420-BFC62F225929}.Release|Any CPU.ActiveCfg = Release|Any CPU
		{CD94ED9D-B8FE-4635-B420-BFC62F225929}.Release|Any CPU.Build.0 = Release|Any CPU
	EndGlobalSection
	GlobalSection(SolutionProperties) = preSolution
		HideSolutionNode = FALSE
	EndGlobalSection
	GlobalSection(ExtensibilityGlobals) = postSolution
		SolutionGuid = {CD6A0516-91A5-4357-90D4-F8949CC1093B}
	EndGlobalSection
EndGlobal
